
Microsoft Visual Studio Solution File, Format Version 12.00
# Visual Studio 15
VisualStudioVersion = 15.0.27703.2042
MinimumVisualStudioVersion = 10.0.40219.1
Project("{FAE04EC0-301F-11D3-BF4B-00C04F79EFBC}") = "SharePointContentOverview", "SharePointContentOverview.csproj", "{C03881EA-1AC0-4AD3-9BE4-E1C182487F69}"
EndProject
Global
	GlobalSection(SolutionConfigurationPlatforms) = preSolution
		Debug|Any CPU = Debug|Any CPU
		Release|Any CPU = Release|Any CPU
	EndGlobalSection
	GlobalSection(ProjectConfigurationPlatforms) = postSolution
		{C03881EA-1AC0-4AD3-9BE4-E1C182487F69}.Debug|Any CPU.ActiveCfg = Debug|Any CPU
		{C03881EA-1AC0-4AD3-9BE4-E1C182487F69}.Debug|Any CPU.Build.0 = Debug|Any CPU
		{C03881EA-1AC0-4AD3-9BE4-E1C182487F69}.Release|Any CPU.ActiveCfg = Release|Any CPU
		{C03881EA-1AC0-4AD3-9BE4-E1C182487F69}.Release|Any CPU.Build.0 = Release|Any CPU
	EndGlobalSection
	GlobalSection(SolutionProperties) = preSolution
		HideSolutionNode = FALSE
	EndGlobalSection
	GlobalSection(ExtensibilityGlobals) = postSolution
		SolutionGuid = {25F085F0-3986-4AAA-B1E1-8E4CD8C2F441}
	EndGlobalSection
EndGlobal
